
Microsoft Visual Studio Solution File, Format Version 12.00
# Visual Studio Version 16
VisualStudioVersion = 16.0.32228.343
MinimumVisualStudioVersion = 10.0.40219.1
Project("{FAE04EC0-301F-11D3-BF4B-00C04F79EFBC}") = "ConsoleApp1", "ConsoleApp1\ConsoleApp1.csproj", "{4C4BA2EF-DCCA-4895-A5A8-09365B0F7D22}"
EndProject
Global
	GlobalSection(SolutionConfigurationPlatforms) = preSolution
		Debug|Any CPU = Debug|Any CPU
		Release|Any CPU = Release|Any CPU
	EndGlobalSection
	GlobalSection(ProjectConfigurationPlatforms) = postSolution
		{4C4BA2EF-DCCA-4895-A5A8-09365B0F7D22}.Debug|Any CPU.ActiveCfg = Debug|Any CPU
		{4C4BA2EF-DCCA-4895-A5A8-09365B0F7D22}.Debug|Any CPU.Build.0 = Debug|Any CPU
		{4C4BA2EF-DCCA-4895-A5A8-09365B0F7D22}.Release|Any CPU.ActiveCfg = Release|Any CPU
		{4C4BA2EF-DCCA-4895-A5A8-09365B0F7D22}.Release|Any CPU.Build.0 = Release|Any CPU
	EndGlobalSection
	GlobalSection(SolutionProperties) = preSolution
		HideSolutionNode = FALSE
	EndGlobalSection
	GlobalSection(ExtensibilityGlobals) = postSolution
		SolutionGuid = {5C5B9558-7BBB-48B1-8181-D7AFBA075B8F}
	EndGlobalSection
EndGlobal
